
Microsoft Visual Studio Solution File, Format Version 12.00
# Visual Studio Version 17
VisualStudioVersion = 17.6.33815.320
MinimumVisualStudioVersion = 10.0.40219.1
Project("{9A19103F-16F7-4668-BE54-9A1E7A4F7556}") = "Fibonacci", "Fibonacci\Fibonacci.csproj", "{E2BD8C58-5CE3-456F-A3D4-C82DD5ABC980}"
EndProject
Project("{9A19103F-16F7-4668-BE54-9A1E7A4F7556}") = "Pascal", "Pascal\Pascal.csproj", "{D463402D-16D8-4604-ACE7-11B5A8D113F3}"
EndProject
Project("{9A19103F-16F7-4668-BE54-9A1E7A4F7556}") = "VillogosGomb", "VillogosGomb\VillogosGomb.csproj", "{F49A60D0-F628-4138-9F40-304C389ECC76}"
EndProject
Project("{9A19103F-16F7-4668-BE54-9A1E7A4F7556}") = "Gyakorlas", "Gyakorlas\Gyakorlas.csproj", "{F601B2C1-E274-4C73-889E-7377912E0D9C}"
EndProject
Project("{9A19103F-16F7-4668-BE54-9A1E7A4F7556}") = "HajosKviz", "HajosKviz\HajosKviz.csproj", "{9E50F025-5EC2-47E0-91EE-8889C1757E03}"
EndProject
Project("{FAE04EC0-301F-11D3-BF4B-00C04F79EFBC}") = "Snake2D", "Snake2D\Snake2D.csproj", "{47D368EF-B10D-42CF-AF16-6FA4D9DE1578}"
EndProject
Global
	GlobalSection(SolutionConfigurationPlatforms) = preSolution
		Debug|Any CPU = Debug|Any CPU
		Release|Any CPU = Release|Any CPU
	EndGlobalSection
	GlobalSection(ProjectConfigurationPlatforms) = postSolution
		{E2BD8C58-5CE3-456F-A3D4-C82DD5ABC980}.Debug|Any CPU.ActiveCfg = Debug|Any CPU
		{E2BD8C58-5CE3-456F-A3D4-C82DD5ABC980}.Debug|Any CPU.Build.0 = Debug|Any CPU
		{E2BD8C58-5CE3-456F-A3D4-C82DD5ABC980}.Release|Any CPU.ActiveCfg = Release|Any CPU
		{E2BD8C58-5CE3-456F-A3D4-C82DD5ABC980}.Release|Any CPU.Build.0 = Release|Any CPU
		{D463402D-16D8-4604-ACE7-11B5A8D113F3}.Debug|Any CPU.ActiveCfg = Debug|Any CPU
		{D463402D-16D8-4604-ACE7-11B5A8D113F3}.Debug|Any CPU.Build.0 = Debug|Any CPU
		{D463402D-16D8-4604-ACE7-11B5A8D113F3}.Release|Any CPU.ActiveCfg = Release|Any CPU
		{D463402D-16D8-4604-ACE7-11B5A8D113F3}.Release|Any CPU.Build.0 = Release|Any CPU
		{F49A60D0-F628-4138-9F40-304C389ECC76}.Debug|Any CPU.ActiveCfg = Debug|Any CPU
		{F49A60D0-F628-4138-9F40-304C389ECC76}.Debug|Any CPU.Build.0 = Debug|Any CPU
		{F49A60D0-F628-4138-9F40-304C389ECC76}.Release|Any CPU.ActiveCfg = Release|Any CPU
		{F49A60D0-F628-4138-9F40-304C389ECC76}.Release|Any CPU.Build.0 = Release|Any CPU
		{F601B2C1-E274-4C73-889E-7377912E0D9C}.Debug|Any CPU.ActiveCfg = Debug|Any CPU
		{F601B2C1-E274-4C73-889E-7377912E0D9C}.Debug|Any CPU.Build.0 = Debug|Any CPU
		{F601B2C1-E274-4C73-889E-7377912E0D9C}.Release|Any CPU.ActiveCfg = Release|Any CPU
		{F601B2C1-E274-4C73-889E-7377912E0D9C}.Release|Any CPU.Build.0 = Release|Any CPU
		{9E50F025-5EC2-47E0-91EE-8889C1757E03}.Debug|Any CPU.ActiveCfg = Debug|Any CPU
		{9E50F025-5EC2-47E0-91EE-8889C1757E03}.Debug|Any CPU.Build.0 = Debug|Any CPU
		{9E50F025-5EC2-47E0-91EE-8889C1757E03}.Release|Any CPU.ActiveCfg = Release|Any CPU
		{9E50F025-5EC2-47E0-91EE-8889C1757E03}.Release|Any CPU.Build.0 = Release|Any CPU
		{47D368EF-B10D-42CF-AF16-6FA4D9DE1578}.Debug|Any CPU.ActiveCfg = Debug|Any CPU
		{47D368EF-B10D-42CF-AF16-6FA4D9DE1578}.Debug|Any CPU.Build.0 = Debug|Any CPU
		{47D368EF-B10D-42CF-AF16-6FA4D9DE1578}.Release|Any CPU.ActiveCfg = Release|Any CPU
		{47D368EF-B10D-42CF-AF16-6FA4D9DE1578}.Release|Any CPU.Build.0 = Release|Any CPU
	EndGlobalSection
	GlobalSection(SolutionProperties) = preSolution
		HideSolutionNode = FALSE
	EndGlobalSection
	GlobalSection(ExtensibilityGlobals) = postSolution
		SolutionGuid = {C6FECEDD-AAAA-4EC4-8251-31C55518B79B}
	EndGlobalSection
EndGlobal
